
Microsoft Visual Studio Solution File, Format Version 12.00
# Visual Studio Version 17
VisualStudioVersion = 17.11.35327.3
MinimumVisualStudioVersion = 10.0.40219.1
Project("{9A19103F-16F7-4668-BE54-9A1E7A4F7556}") = "EYCD.Calculadora", "EYCD.Calculadora\EYCD.Calculadora.csproj", "{F8AD4C98-A56C-453A-90D2-15B0749AE754}"
EndProject
Project("{9A19103F-16F7-4668-BE54-9A1E7A4F7556}") = "EYCD.Calculator.UnitTest.AppMsTest", "EYCD.Calculator.UnitTest.AppMsTest\EYCD.Calculator.UnitTest.AppMsTest.csproj", "{29335E5C-C5CB-4207-8609-A66130D99214}"
EndProject
Project("{FAE04EC0-301F-11D3-BF4B-00C04F79EFBC}") = "EYCD.Calculadora.UnitTest.AppxUnit", "EYCD.Calculadora.UnitTest.AppxUnit\EYCD.Calculadora.UnitTest.AppxUnit.csproj", "{D86A7FEF-01A3-4611-9774-8C667C8E479C}"
EndProject
Global
	GlobalSection(SolutionConfigurationPlatforms) = preSolution
		Debug|Any CPU = Debug|Any CPU
		Release|Any CPU = Release|Any CPU
	EndGlobalSection
	GlobalSection(ProjectConfigurationPlatforms) = postSolution
		{F8AD4C98-A56C-453A-90D2-15B0749AE754}.Debug|Any CPU.ActiveCfg = Debug|Any CPU
		{F8AD4C98-A56C-453A-90D2-15B0749AE754}.Debug|Any CPU.Build.0 = Debug|Any CPU
		{F8AD4C98-A56C-453A-90D2-15B0749AE754}.Release|Any CPU.ActiveCfg = Release|Any CPU
		{F8AD4C98-A56C-453A-90D2-15B0749AE754}.Release|Any CPU.Build.0 = Release|Any CPU
		{29335E5C-C5CB-4207-8609-A66130D99214}.Debug|Any CPU.ActiveCfg = Debug|Any CPU
		{29335E5C-C5CB-4207-8609-A66130D99214}.Debug|Any CPU.Build.0 = Debug|Any CPU
		{29335E5C-C5CB-4207-8609-A66130D99214}.Release|Any CPU.ActiveCfg = Release|Any CPU
		{29335E5C-C5CB-4207-8609-A66130D99214}.Release|Any CPU.Build.0 = Release|Any CPU
		{D86A7FEF-01A3-4611-9774-8C667C8E479C}.Debug|Any CPU.ActiveCfg = Debug|Any CPU
		{D86A7FEF-01A3-4611-9774-8C667C8E479C}.Debug|Any CPU.Build.0 = Debug|Any CPU
		{D86A7FEF-01A3-4611-9774-8C667C8E479C}.Release|Any CPU.ActiveCfg = Release|Any CPU
		{D86A7FEF-01A3-4611-9774-8C667C8E479C}.Release|Any CPU.Build.0 = Release|Any CPU
	EndGlobalSection
	GlobalSection(SolutionProperties) = preSolution
		HideSolutionNode = FALSE
	EndGlobalSection
	GlobalSection(ExtensibilityGlobals) = postSolution
		SolutionGuid = {BD6AB59F-0131-4C09-9465-B5ED4484F2CC}
	EndGlobalSection
EndGlobal
